
Microsoft Visual Studio Solution File, Format Version 12.00
# Visual Studio 14
VisualStudioVersion = 14.0.25420.1
MinimumVisualStudioVersion = 10.0.40219.1
Project("{FAE04EC0-301F-11D3-BF4B-00C04F79EFBC}") = "LYL.SharedApp.Droid", "LYL.SharedApp\LYL.SharedApp.Droid\LYL.SharedApp.Droid.csproj", "{CD55E97C-E578-41BA-8A14-8515B81902DB}"
EndProject
Project("{FAE04EC0-301F-11D3-BF4B-00C04F79EFBC}") = "LYL.SharedApp.iOS", "LYL.SharedApp\LYL.SharedApp.iOS\LYL.SharedApp.iOS.csproj", "{42AEDD7D-715D-4C83-9BF6-DDBB31107BCD}"
EndProject
Project("{FAE04EC0-301F-11D3-BF4B-00C04F79EFBC}") = "LYL.SharedApp.WinPhone", "LYL.SharedApp\LYL.SharedApp.WinPhone\LYL.SharedApp.WinPhone.csproj", "{0A1A0DD8-4E3C-4328-B8F5-3AC45BAD88EC}"
EndProject
Project("{FAE04EC0-301F-11D3-BF4B-00C04F79EFBC}") = "LYL.SharedApp.UWP", "LYL.SharedApp\LYL.SharedApp.UWP\LYL.SharedApp.UWP.csproj", "{77FC24F6-A143-4C36-A5FE-BD298CFDD916}"
EndProject
Project("{FAE04EC0-301F-11D3-BF4B-00C04F79EFBC}") = "LYL.SharedApp.Windows", "LYL.SharedApp\LYL.SharedApp.Windows\LYL.SharedApp.Windows.csproj", "{718B9A31-2704-4B88-94B4-BC3480F479A5}"
EndProject
Project("{FAE04EC0-301F-11D3-BF4B-00C04F79EFBC}") = "LYL.SharedApp", "LYL.SharedApp\LYL.SharedApp\LYL.SharedApp.csproj", "{F86651A4-48D1-4FC1-AA1C-419EDB4EF629}"
EndProject
Project("{FAE04EC0-301F-11D3-BF4B-00C04F79EFBC}") = "LYL.Common", "LYL.Common\LYL.Common.csproj", "{B7126EA8-76B6-482E-B9B2-ABB89D532D2F}"
EndProject
Project("{FAE04EC0-301F-11D3-BF4B-00C04F79EFBC}") = "LYL.Controls", "LYL.Controls\LYL.Controls.csproj", "{67F9D3A8-F71E-4428-913F-C37AE82CDB24}"
EndProject
Global
	GlobalSection(SolutionConfigurationPlatforms) = preSolution
		Ad-Hoc|Any CPU = Ad-Hoc|Any CPU
		Ad-Hoc|ARM = Ad-Hoc|ARM
		Ad-Hoc|iPhone = Ad-Hoc|iPhone
		Ad-Hoc|iPhoneSimulator = Ad-Hoc|iPhoneSimulator
		Ad-Hoc|x64 = Ad-Hoc|x64
		Ad-Hoc|x86 = Ad-Hoc|x86
		AppStore|Any CPU = AppStore|Any CPU
		AppStore|ARM = AppStore|ARM
		AppStore|iPhone = AppStore|iPhone
		AppStore|iPhoneSimulator = AppStore|iPhoneSimulator
		AppStore|x64 = AppStore|x64
		AppStore|x86 = AppStore|x86
		Debug|Any CPU = Debug|Any CPU
		Debug|ARM = Debug|ARM
		Debug|iPhone = Debug|iPhone
		Debug|iPhoneSimulator = Debug|iPhoneSimulator
		Debug|x64 = Debug|x64
		Debug|x86 = Debug|x86
		Release|Any CPU = Release|Any CPU
		Release|ARM = Release|ARM
		Release|iPhone = Release|iPhone
		Release|iPhoneSimulator = Release|iPhoneSimulator
		Release|x64 = Release|x64
		Release|x86 = Release|x86
	EndGlobalSection
	GlobalSection(ProjectConfigurationPlatforms) = postSolution
		{CD55E97C-E578-41BA-8A14-8515B81902DB}.Ad-Hoc|Any CPU.ActiveCfg = Release|Any CPU
		{CD55E97C-E578-41BA-8A14-8515B81902DB}.Ad-Hoc|Any CPU.Build.0 = Release|Any CPU
		{CD55E97C-E578-41BA-8A14-8515B81902DB}.Ad-Hoc|Any CPU.Deploy.0 = Release|Any CPU
		{CD55E97C-E578-41BA-8A14-8515B81902DB}.Ad-Hoc|ARM.ActiveCfg = Release|Any CPU
		{CD55E97C-E578-41BA-8A14-8515B81902DB}.Ad-Hoc|ARM.Build.0 = Release|Any CPU
		{CD55E97C-E578-41BA-8A14-8515B81902DB}.Ad-Hoc|ARM.Deploy.0 = Release|Any CPU
		{CD55E97C-E578-41BA-8A14-8515B81902DB}.Ad-Hoc|iPhone.ActiveCfg = Release|Any CPU
		{CD55E97C-E578-41BA-8A14-8515B81902DB}.Ad-Hoc|iPhone.Build.0 = Release|Any CPU
		{CD55E97C-E578-41BA-8A14-8515B81902DB}.Ad-Hoc|iPhone.Deploy.0 = Release|Any CPU
		{CD55E97C-E578-41BA-8A14-8515B81902DB}.Ad-Hoc|iPhoneSimulator.ActiveCfg = Release|Any CPU
		{CD55E97C-E578-41BA-8A14-8515B81902DB}.Ad-Hoc|iPhoneSimulator.Build.0 = Release|Any CPU
		{CD55E97C-E578-41BA-8A14-8515B81902DB}.Ad-Hoc|iPhoneSimulator.Deploy.0 = Release|Any CPU
		{CD55E97C-E578-41BA-8A14-8515B81902DB}.Ad-Hoc|x64.ActiveCfg = Release|Any CPU
		{CD55E97C-E578-41BA-8A14-8515B81902DB}.Ad-Hoc|x64.Build.0 = Release|Any CPU
		{CD55E97C-E578-41BA-8A14-8515B81902DB}.Ad-Hoc|x64.Deploy.0 = Release|Any CPU
		{CD55E97C-E578-41BA-8A14-8515B81902DB}.Ad-Hoc|x86.ActiveCfg = Release|Any CPU
		{CD55E97C-E578-41BA-8A14-8515B81902DB}.Ad-Hoc|x86.Build.0 = Release|Any CPU
		{CD55E97C-E578-41BA-8A14-8515B81902DB}.Ad-Hoc|x86.Deploy.0 = Release|Any CPU
		{CD55E97C-E578-41BA-8A14-8515B81902DB}.AppStore|Any CPU.ActiveCfg = Release|Any CPU
		{CD55E97C-E578-41BA-8A14-8515B81902DB}.AppStore|Any CPU.Build.0 = Release|Any CPU
		{CD55E97C-E578-41BA-8A14-8515B81902DB}.AppStore|Any CPU.Deploy.0 = Release|Any CPU
		{CD55E97C-E578-41BA-8A14-8515B81902DB}.AppStore|ARM.ActiveCfg = Release|Any CPU
		{CD55E97C-E578-41BA-8A14-8515B81902DB}.AppStore|ARM.Build.0 = Release|Any CPU
		{CD55E97C-E578-41BA-8A14-8515B81902DB}.AppStore|ARM.Deploy.0 = Release|Any CPU
		{CD55E97C-E578-41BA-8A14-8515B81902DB}.AppStore|iPhone.ActiveCfg = Release|Any CPU
		{CD55E97C-E578-41BA-8A14-8515B81902DB}.AppStore|iPhone.Build.0 = Release|Any CPU
		{CD55E97C-E578-41BA-8A14-8515B81902DB}.AppStore|iPhone.Deploy.0 = Release|Any CPU
		{CD55E97C-E578-41BA-8A14-8515B81902DB}.AppStore|iPhoneSimulator.ActiveCfg = Release|Any CPU
		{CD55E97C-E578-41BA-8A14-8515B81902DB}.AppStore|iPhoneSimulator.Build.0 = Release|Any CPU
		{CD55E97C-E578-41BA-8A14-8515B81902DB}.AppStore|iPhoneSimulator.Deploy.0 = Release|Any CPU
		{CD55E97C-E578-41BA-8A14-8515B81902DB}.AppStore|x64.ActiveCfg = Release|Any CPU
		{CD55E97C-E578-41BA-8A14-8515B81902DB}.AppStore|x64.Build.0 = Release|Any CPU
		{CD55E97C-E578-41BA-8A14-8515B81902DB}.AppStore|x64.Deploy.0 = Release|Any CPU
		{CD55E97C-E578-41BA-8A14-8515B81902DB}.AppStore|x86.ActiveCfg = Release|Any CPU
		{CD55E97C-E578-41BA-8A14-8515B81902DB}.AppStore|x86.Build.0 = Release|Any CPU
		{CD55E97C-E578-41BA-8A14-8515B81902DB}.AppStore|x86.Deploy.0 = Release|Any CPU
		{CD55E97C-E578-41BA-8A14-8515B81902DB}.Debug|Any CPU.ActiveCfg = Debug|Any CPU
		{CD55E97C-E578-41BA-8A14-8515B81902DB}.Debug|Any CPU.Build.0 = Debug|Any CPU
		{CD55E97C-E578-41BA-8A14-8515B81902DB}.Debug|Any CPU.Deploy.0 = Debug|Any CPU
		{CD55E97C-E578-41BA-8A14-8515B81902DB}.Debug|ARM.ActiveCfg = Debug|Any CPU
		{CD55E97C-E578-41BA-8A14-8515B81902DB}.Debug|ARM.Build.0 = Debug|Any CPU
		{CD55E97C-E578-41BA-8A14-8515B81902DB}.Debug|ARM.Deploy.0 = Debug|Any CPU
		{CD55E97C-E578-41BA-8A14-8515B81902DB}.Debug|iPhone.ActiveCfg = Debug|Any CPU
		{CD55E97C-E578-41BA-8A14-8515B81902DB}.Debug|iPhone.Build.0 = Debug|Any CPU
		{CD55E97C-E578-41BA-8A14-8515B81902DB}.Debug|iPhone.Deploy.0 = Debug|Any CPU
		{CD55E97C-E578-41BA-8A14-8515B81902DB}.Debug|iPhoneSimulator.ActiveCfg = Debug|Any CPU
		{CD55E97C-E578-41BA-8A14-8515B81902DB}.Debug|iPhoneSimulator.Build.0 = Debug|Any CPU
		{CD55E97C-E578-41BA-8A14-8515B81902DB}.Debug|iPhoneSimulator.Deploy.0 = Debug|Any CPU
		{CD55E97C-E578-41BA-8A14-8515B81902DB}.Debug|x64.ActiveCfg = Debug|Any CPU
		{CD55E97C-E578-41BA-8A14-8515B81902DB}.Debug|x64.Build.0 = Debug|Any CPU
		{CD55E97C-E578-41BA-8A14-8515B81902DB}.Debug|x64.Deploy.0 = Debug|Any CPU
		{CD55E97C-E578-41BA-8A14-8515B81902DB}.Debug|x86.ActiveCfg = Debug|Any CPU
		{CD55E97C-E578-41BA-8A14-8515B81902DB}.Debug|x86.Build.0 = Debug|Any CPU
		{CD55E97C-E578-41BA-8A14-8515B81902DB}.Debug|x86.Deploy.0 = Debug|Any CPU
		{CD55E97C-E578-41BA-8A14-8515B81902DB}.Release|Any CPU.ActiveCfg = Release|Any CPU
		{CD55E97C-E578-41BA-8A14-8515B81902DB}.Release|Any CPU.Build.0 = Release|Any CPU
		{CD55E97C-E578-41BA-8A14-8515B81902DB}.Release|Any CPU.Deploy.0 = Release|Any CPU
		{CD55E97C-E578-41BA-8A14-8515B81902DB}.Release|ARM.ActiveCfg = Release|Any CPU
		{CD55E97C-E578-41BA-8A14-8515B81902DB}.Release|ARM.Build.0 = Release|Any CPU
		{CD55E97C-E578-41BA-8A14-8515B81902DB}.Release|ARM.Deploy.0 = Release|Any CPU
		{CD55E97C-E578-41BA-8A14-8515B81902DB}.Release|iPhone.ActiveCfg = Release|Any CPU
		{CD55E97C-E578-41BA-8A14-8515B81902DB}.Release|iPhone.Build.0 = Release|Any CPU
		{CD55E97C-E578-41BA-8A14-8515B81902DB}.Release|iPhone.Deploy.0 = Release|Any CPU
		{CD55E97C-E578-41BA-8A14-8515B81902DB}.Release|iPhoneSimulator.ActiveCfg = Release|Any CPU
		{CD55E97C-E578-41BA-8A14-8515B81902DB}.Release|iPhoneSimulator.Build.0 = Release|Any CPU
		{CD55E97C-E578-41BA-8A14-8515B81902DB}.Release|iPhoneSimulator.Deploy.0 = Release|Any CPU
		{CD55E97C-E578-41BA-8A14-8515B81902DB}.Release|x64.ActiveCfg = Release|Any CPU
		{CD55E97C-E578-41BA-8A14-8515B81902DB}.Release|x64.Build.0 = Release|Any CPU
		{CD55E97C-E578-41BA-8A14-8515B81902DB}.Release|x64.Deploy.0 = Release|Any CPU
		{CD55E97C-E578-41BA-8A14-8515B81902DB}.Release|x86.ActiveCfg = Release|Any CPU
		{CD55E97C-E578-41BA-8A14-8515B81902DB}.Release|x86.Build.0 = Release|Any CPU
		{CD55E97C-E578-41BA-8A14-8515B81902DB}.Release|x86.Deploy.0 = Release|Any CPU
		{42AEDD7D-715D-4C83-9BF6-DDBB31107BCD}.Ad-Hoc|Any CPU.ActiveCfg = Ad-Hoc|iPhone
		{42AEDD7D-715D-4C83-9BF6-DDBB31107BCD}.Ad-Hoc|ARM.ActiveCfg = Ad-Hoc|iPhone
		{42AEDD7D-715D-4C83-9BF6-DDBB31107BCD}.Ad-Hoc|iPhone.ActiveCfg = Ad-Hoc|iPhone
		{42AEDD7D-715D-4C83-9BF6-DDBB31107BCD}.Ad-Hoc|iPhone.Build.0 = Ad-Hoc|iPhone
		{42AEDD7D-715D-4C83-9BF6-DDBB31107BCD}.Ad-Hoc|iPhoneSimulator.ActiveCfg = Ad-Hoc|iPhoneSimulator
		{42AEDD7D-715D-4C83-9BF6-DDBB31107BCD}.Ad-Hoc|iPhoneSimulator.Build.0 = Ad-Hoc|iPhoneSimulator
		{42AEDD7D-715D-4C83-9BF6-DDBB31107BCD}.Ad-Hoc|x64.ActiveCfg = Ad-Hoc|iPhone
		{42AEDD7D-715D-4C83-9BF6-DDBB31107BCD}.Ad-Hoc|x86.ActiveCfg = Ad-Hoc|iPhone
		{42AEDD7D-715D-4C83-9BF6-DDBB31107BCD}.AppStore|Any CPU.ActiveCfg = AppStore|iPhone
		{42AEDD7D-715D-4C83-9BF6-DDBB31107BCD}.AppStore|ARM.ActiveCfg = AppStore|iPhone
		{42AEDD7D-715D-4C83-9BF6-DDBB31107BCD}.AppStore|iPhone.ActiveCfg = AppStore|iPhone
		{42AEDD7D-715D-4C83-9BF6-DDBB31107BCD}.AppStore|iPhone.Build.0 = AppStore|iPhone
		{42AEDD7D-715D-4C83-9BF6-DDBB31107BCD}.AppStore|iPhoneSimulator.ActiveCfg = AppStore|iPhoneSimulator
		{42AEDD7D-715D-4C83-9BF6-DDBB31107BCD}.AppStore|iPhoneSimulator.Build.0 = AppStore|iPhoneSimulator
		{42AEDD7D-715D-4C83-9BF6-DDBB31107BCD}.AppStore|x64.ActiveCfg = AppStore|iPhone
		{42AEDD7D-715D-4C83-9BF6-DDBB31107BCD}.AppStore|x86.ActiveCfg = AppStore|iPhone
		{42AEDD7D-715D-4C83-9BF6-DDBB31107BCD}.Debug|Any CPU.ActiveCfg = Debug|iPhone
		{42AEDD7D-715D-4C83-9BF6-DDBB31107BCD}.Debug|ARM.ActiveCfg = Debug|iPhone
		{42AEDD7D-715D-4C83-9BF6-DDBB31107BCD}.Debug|iPhone.ActiveCfg = Debug|iPhone
		{42AEDD7D-715D-4C83-9BF6-DDBB31107BCD}.Debug|iPhone.Build.0 = Debug|iPhone
		{42AEDD7D-715D-4C83-9BF6-DDBB31107BCD}.Debug|iPhoneSimulator.ActiveCfg = Debug|iPhoneSimulator
		{42AEDD7D-715D-4C83-9BF6-DDBB31107BCD}.Debug|iPhoneSimulator.Build.0 = Debug|iPhoneSimulator
		{42AEDD7D-715D-4C83-9BF6-DDBB31107BCD}.Debug|x64.ActiveCfg = Debug|iPhone
		{42AEDD7D-715D-4C83-9BF6-DDBB31107BCD}.Debug|x86.ActiveCfg = Debug|iPhone
		{42AEDD7D-715D-4C83-9BF6-DDBB31107BCD}.Release|Any CPU.ActiveCfg = Release|iPhone
		{42AEDD7D-715D-4C83-9BF6-DDBB31107BCD}.Release|ARM.ActiveCfg = Release|iPhone
		{42AEDD7D-715D-4C83-9BF6-DDBB31107BCD}.Release|iPhone.ActiveCfg = Release|iPhone
		{42AEDD7D-715D-4C83-9BF6-DDBB31107BCD}.Release|iPhone.Build.0 = Release|iPhone
		{42AEDD7D-715D-4C83-9BF6-DDBB31107BCD}.Release|iPhoneSimulator.ActiveCfg = Release|iPhoneSimulator
		{42AEDD7D-715D-4C83-9BF6-DDBB31107BCD}.Release|iPhoneSimulator.Build.0 = Release|iPhoneSimulator
		{42AEDD7D-715D-4C83-9BF6-DDBB31107BCD}.Release|x64.ActiveCfg = Release|iPhone
		{42AEDD7D-715D-4C83-9BF6-DDBB31107BCD}.Release|x86.ActiveCfg = Release|iPhone
		{0A1A0DD8-4E3C-4328-B8F5-3AC45BAD88EC}.Ad-Hoc|Any CPU.ActiveCfg = Release|Any CPU
		{0A1A0DD8-4E3C-4328-B8F5-3AC45BAD88EC}.Ad-Hoc|Any CPU.Build.0 = Release|Any CPU
		{0A1A0DD8-4E3C-4328-B8F5-3AC45BAD88EC}.Ad-Hoc|Any CPU.Deploy.0 = Release|Any CPU
		{0A1A0DD8-4E3C-4328-B8F5-3AC45BAD88EC}.Ad-Hoc|ARM.ActiveCfg = Release|ARM
		{0A1A0DD8-4E3C-4328-B8F5-3AC45BAD88EC}.Ad-Hoc|ARM.Build.0 = Release|ARM
		{0A1A0DD8-4E3C-4328-B8F5-3AC45BAD88EC}.Ad-Hoc|ARM.Deploy.0 = Release|ARM
		{0A1A0DD8-4E3C-4328-B8F5-3AC45BAD88EC}.Ad-Hoc|iPhone.ActiveCfg = Release|Any CPU
		{0A1A0DD8-4E3C-4328-B8F5-3AC45BAD88EC}.Ad-Hoc|iPhone.Build.0 = Release|Any CPU
		{0A1A0DD8-4E3C-4328-B8F5-3AC45BAD88EC}.Ad-Hoc|iPhone.Deploy.0 = Release|Any CPU
		{0A1A0DD8-4E3C-4328-B8F5-3AC45BAD88EC}.Ad-Hoc|iPhoneSimulator.ActiveCfg = Release|Any CPU
		{0A1A0DD8-4E3C-4328-B8F5-3AC45BAD88EC}.Ad-Hoc|iPhoneSimulator.Build.0 = Release|Any CPU
		{0A1A0DD8-4E3C-4328-B8F5-3AC45BAD88EC}.Ad-Hoc|iPhoneSimulator.Deploy.0 = Release|Any CPU
		{0A1A0DD8-4E3C-4328-B8F5-3AC45BAD88EC}.Ad-Hoc|x64.ActiveCfg = Release|Any CPU
		{0A1A0DD8-4E3C-4328-B8F5-3AC45BAD88EC}.Ad-Hoc|x64.Build.0 = Release|Any CPU
		{0A1A0DD8-4E3C-4328-B8F5-3AC45BAD88EC}.Ad-Hoc|x64.Deploy.0 = Release|Any CPU
		{0A1A0DD8-4E3C-4328-B8F5-3AC45BAD88EC}.Ad-Hoc|x86.ActiveCfg = Release|x86
		{0A1A0DD8-4E3C-4328-B8F5-3AC45BAD88EC}.Ad-Hoc|x86.Build.0 = Release|x86
		{0A1A0DD8-4E3C-4328-B8F5-3AC45BAD88EC}.Ad-Hoc|x86.Deploy.0 = Release|x86
		{0A1A0DD8-4E3C-4328-B8F5-3AC45BAD88EC}.AppStore|Any CPU.ActiveCfg = Release|Any CPU
		{0A1A0DD8-4E3C-4328-B8F5-3AC45BAD88EC}.AppStore|Any CPU.Build.0 = Release|Any CPU
		{0A1A0DD8-4E3C-4328-B8F5-3AC45BAD88EC}.AppStore|Any CPU.Deploy.0 = Release|Any CPU
		{0A1A0DD8-4E3C-4328-B8F5-3AC45BAD88EC}.AppStore|ARM.ActiveCfg = Release|ARM
		{0A1A0DD8-4E3C-4328-B8F5-3AC45BAD88EC}.AppStore|ARM.Build.0 = Release|ARM
		{0A1A0DD8-4E3C-4328-B8F5-3AC45BAD88EC}.AppStore|ARM.Deploy.0 = Release|ARM
		{0A1A0DD8-4E3C-4328-B8F5-3AC45BAD88EC}.AppStore|iPhone.ActiveCfg = Release|Any CPU
		{0A1A0DD8-4E3C-4328-B8F5-3AC45BAD88EC}.AppStore|iPhone.Build.0 = Release|Any CPU
		{0A1A0DD8-4E3C-4328-B8F5-3AC45BAD88EC}.AppStore|iPhone.Deploy.0 = Release|Any CPU
		{0A1A0DD8-4E3C-4328-B8F5-3AC45BAD88EC}.AppStore|iPhoneSimulator.ActiveCfg = Release|Any CPU
		{0A1A0DD8-4E3C-4328-B8F5-3AC45BAD88EC}.AppStore|iPhoneSimulator.Build.0 = Release|Any CPU
		{0A1A0DD8-4E3C-4328-B8F5-3AC45BAD88EC}.AppStore|iPhoneSimulator.Deploy.0 = Release|Any CPU
		{0A1A0DD8-4E3C-4328-B8F5-3AC45BAD88EC}.AppStore|x64.ActiveCfg = Release|Any CPU
		{0A1A0DD8-4E3C-4328-B8F5-3AC45BAD88EC}.AppStore|x64.Build.0 = Release|Any CPU
		{0A1A0DD8-4E3C-4328-B8F5-3AC45BAD88EC}.AppStore|x64.Deploy.0 = Release|Any CPU
		{0A1A0DD8-4E3C-4328-B8F5-3AC45BAD88EC}.AppStore|x86.ActiveCfg = Release|x86
		{0A1A0DD8-4E3C-4328-B8F5-3AC45BAD88EC}.AppStore|x86.Build.0 = Release|x86
		{0A1A0DD8-4E3C-4328-B8F5-3AC45BAD88EC}.AppStore|x86.Deploy.0 = Release|x86
		{0A1A0DD8-4E3C-4328-B8F5-3AC45BAD88EC}.Debug|Any CPU.ActiveCfg = Debug|Any CPU
		{0A1A0DD8-4E3C-4328-B8F5-3AC45BAD88EC}.Debug|Any CPU.Build.0 = Debug|Any CPU
		{0A1A0DD8-4E3C-4328-B8F5-3AC45BAD88EC}.Debug|Any CPU.Deploy.0 = Debug|Any CPU
		{0A1A0DD8-4E3C-4328-B8F5-3AC45BAD88EC}.Debug|ARM.ActiveCfg = Debug|ARM
		{0A1A0DD8-4E3C-4328-B8F5-3AC45BAD88EC}.Debug|ARM.Build.0 = Debug|ARM
		{0A1A0DD8-4E3C-4328-B8F5-3AC45BAD88EC}.Debug|ARM.Deploy.0 = Debug|ARM
		{0A1A0DD8-4E3C-4328-B8F5-3AC45BAD88EC}.Debug|iPhone.ActiveCfg = Debug|Any CPU
		{0A1A0DD8-4E3C-4328-B8F5-3AC45BAD88EC}.Debug|iPhone.Build.0 = Debug|Any CPU
		{0A1A0DD8-4E3C-4328-B8F5-3AC45BAD88EC}.Debug|iPhone.Deploy.0 = Debug|Any CPU
		{0A1A0DD8-4E3C-4328-B8F5-3AC45BAD88EC}.Debug|iPhoneSimulator.ActiveCfg = Debug|Any CPU
		{0A1A0DD8-4E3C-4328-B8F5-3AC45BAD88EC}.Debug|iPhoneSimulator.Build.0 = Debug|Any CPU
		{0A1A0DD8-4E3C-4328-B8F5-3AC45BAD88EC}.Debug|iPhoneSimulator.Deploy.0 = Debug|Any CPU
		{0A1A0DD8-4E3C-4328-B8F5-3AC45BAD88EC}.Debug|x64.ActiveCfg = Debug|Any CPU
		{0A1A0DD8-4E3C-4328-B8F5-3AC45BAD88EC}.Debug|x64.Build.0 = Debug|Any CPU
		{0A1A0DD8-4E3C-4328-B8F5-3AC45BAD88EC}.Debug|x64.Deploy.0 = Debug|Any CPU
		{0A1A0DD8-4E3C-4328-B8F5-3AC45BAD88EC}.Debug|x86.ActiveCfg = Debug|x86
		{0A1A0DD8-4E3C-4328-B8F5-3AC45BAD88EC}.Debug|x86.Build.0 = Debug|x86
		{0A1A0DD8-4E3C-4328-B8F5-3AC45BAD88EC}.Debug|x86.Deploy.0 = Debug|x86
		{0A1A0DD8-4E3C-4328-B8F5-3AC45BAD88EC}.Release|Any CPU.ActiveCfg = Release|Any CPU
		{0A1A0DD8-4E3C-4328-B8F5-3AC45BAD88EC}.Release|Any CPU.Build.0 = Release|Any CPU
		{0A1A0DD8-4E3C-4328-B8F5-3AC45BAD88EC}.Release|Any CPU.Deploy.0 = Release|Any CPU
		{0A1A0DD8-4E3C-4328-B8F5-3AC45BAD88EC}.Release|ARM.ActiveCfg = Release|ARM
		{0A1A0DD8-4E3C-4328-B8F5-3AC45BAD88EC}.Release|ARM.Build.0 = Release|ARM
		{0A1A0DD8-4E3C-4328-B8F5-3AC45BAD88EC}.Release|ARM.Deploy.0 = Release|ARM
		{0A1A0DD8-4E3C-4328-B8F5-3AC45BAD88EC}.Release|iPhone.ActiveCfg = Release|Any CPU
		{0A1A0DD8-4E3C-4328-B8F5-3AC45BAD88EC}.Release|iPhone.Build.0 = Release|Any CPU
		{0A1A0DD8-4E3C-4328-B8F5-3AC45BAD88EC}.Release|iPhone.Deploy.0 = Release|Any CPU
		{0A1A0DD8-4E3C-4328-B8F5-3AC45BAD88EC}.Release|iPhoneSimulator.ActiveCfg = Release|Any CPU
		{0A1A0DD8-4E3C-4328-B8F5-3AC45BAD88EC}.Release|iPhoneSimulator.Build.0 = Release|Any CPU
		{0A1A0DD8-4E3C-4328-B8F5-3AC45BAD88EC}.Release|iPhoneSimulator.Deploy.0 = Release|Any CPU
		{0A1A0DD8-4E3C-4328-B8F5-3AC45BAD88EC}.Release|x64.ActiveCfg = Release|Any CPU
		{0A1A0DD8-4E3C-4328-B8F5-3AC45BAD88EC}.Release|x64.Build.0 = Release|Any CPU
		{0A1A0DD8-4E3C-4328-B8F5-3AC45BAD88EC}.Release|x64.Deploy.0 = Release|Any CPU
		{0A1A0DD8-4E3C-4328-B8F5-3AC45BAD88EC}.Release|x86.ActiveCfg = Release|x86
		{0A1A0DD8-4E3C-4328-B8F5-3AC45BAD88EC}.Release|x86.Build.0 = Release|x86
		{0A1A0DD8-4E3C-4328-B8F5-3AC45BAD88EC}.Release|x86.Deploy.0 = Release|x86
		{77FC24F6-A143-4C36-A5FE-BD298CFDD916}.Ad-Hoc|Any CPU.ActiveCfg = Release|x86
		{77FC24F6-A143-4C36-A5FE-BD298CFDD916}.Ad-Hoc|Any CPU.Build.0 = Release|x86
		{77FC24F6-A143-4C36-A5FE-BD298CFDD916}.Ad-Hoc|Any CPU.Deploy.0 = Release|x86
		{77FC24F6-A143-4C36-A5FE-BD298CFDD916}.Ad-Hoc|ARM.ActiveCfg = Release|ARM
		{77FC24F6-A143-4C36-A5FE-BD298CFDD916}.Ad-Hoc|ARM.Build.0 = Release|ARM
		{77FC24F6-A143-4C36-A5FE-BD298CFDD916}.Ad-Hoc|ARM.Deploy.0 = Release|ARM
		{77FC24F6-A143-4C36-A5FE-BD298CFDD916}.Ad-Hoc|iPhone.ActiveCfg = Release|x86
		{77FC24F6-A143-4C36-A5FE-BD298CFDD916}.Ad-Hoc|iPhone.Build.0 = Release|x86
		{77FC24F6-A143-4C36-A5FE-BD298CFDD916}.Ad-Hoc|iPhone.Deploy.0 = Release|x86
		{77FC24F6-A143-4C36-A5FE-BD298CFDD916}.Ad-Hoc|iPhoneSimulator.ActiveCfg = Release|x86
		{77FC24F6-A143-4C36-A5FE-BD298CFDD916}.Ad-Hoc|iPhoneSimulator.Build.0 = Release|x86
		{77FC24F6-A143-4C36-A5FE-BD298CFDD916}.Ad-Hoc|iPhoneSimulator.Deploy.0 = Release|x86
		{77FC24F6-A143-4C36-A5FE-BD298CFDD916}.Ad-Hoc|x64.ActiveCfg = Release|x64
		{77FC24F6-A143-4C36-A5FE-BD298CFDD916}.Ad-Hoc|x64.Build.0 = Release|x64
		{77FC24F6-A143-4C36-A5FE-BD298CFDD916}.Ad-Hoc|x64.Deploy.0 = Release|x64
		{77FC24F6-A143-4C36-A5FE-BD298CFDD916}.Ad-Hoc|x86.ActiveCfg = Release|x86
		{77FC24F6-A143-4C36-A5FE-BD298CFDD916}.Ad-Hoc|x86.Build.0 = Release|x86
		{77FC24F6-A143-4C36-A5FE-BD298CFDD916}.Ad-Hoc|x86.Deploy.0 = Release|x86
		{77FC24F6-A143-4C36-A5FE-BD298CFDD916}.AppStore|Any CPU.ActiveCfg = Release|x86
		{77FC24F6-A143-4C36-A5FE-BD298CFDD916}.AppStore|Any CPU.Build.0 = Release|x86
		{77FC24F6-A143-4C36-A5FE-BD298CFDD916}.AppStore|Any CPU.Deploy.0 = Release|x86
		{77FC24F6-A143-4C36-A5FE-BD298CFDD916}.AppStore|ARM.ActiveCfg = Release|ARM
		{77FC24F6-A143-4C36-A5FE-BD298CFDD916}.AppStore|ARM.Build.0 = Release|ARM
		{77FC24F6-A143-4C36-A5FE-BD298CFDD916}.AppStore|ARM.Deploy.0 = Release|ARM
		{77FC24F6-A143-4C36-A5FE-BD298CFDD916}.AppStore|iPhone.ActiveCfg = Release|x86
		{77FC24F6-A143-4C36-A5FE-BD298CFDD916}.AppStore|iPhone.Build.0 = Release|x86
		{77FC24F6-A143-4C36-A5FE-BD298CFDD916}.AppStore|iPhone.Deploy.0 = Release|x86
		{77FC24F6-A143-4C36-A5FE-BD298CFDD916}.AppStore|iPhoneSimulator.ActiveCfg = Release|x86
		{77FC24F6-A143-4C36-A5FE-BD298CFDD916}.AppStore|iPhoneSimulator.Build.0 = Release|x86
		{77FC24F6-A143-4C36-A5FE-BD298CFDD916}.AppStore|iPhoneSimulator.Deploy.0 = Release|x86
		{77FC24F6-A143-4C36-A5FE-BD298CFDD916}.AppStore|x64.ActiveCfg = Release|x64
		{77FC24F6-A143-4C36-A5FE-BD298CFDD916}.AppStore|x64.Build.0 = Release|x64
		{77FC24F6-A143-4C36-A5FE-BD298CFDD916}.AppStore|x64.Deploy.0 = Release|x64
		{77FC24F6-A143-4C36-A5FE-BD298CFDD916}.AppStore|x86.ActiveCfg = Release|x86
		{77FC24F6-A143-4C36-A5FE-BD298CFDD916}.AppStore|x86.Build.0 = Release|x86
		{77FC24F6-A143-4C36-A5FE-BD298CFDD916}.AppStore|x86.Deploy.0 = Release|x86
		{77FC24F6-A143-4C36-A5FE-BD298CFDD916}.Debug|Any CPU.ActiveCfg = Debug|x86
		{77FC24F6-A143-4C36-A5FE-BD298CFDD916}.Debug|ARM.ActiveCfg = Debug|ARM
		{77FC24F6-A143-4C36-A5FE-BD298CFDD916}.Debug|ARM.Build.0 = Debug|ARM
		{77FC24F6-A143-4C36-A5FE-BD298CFDD916}.Debug|ARM.Deploy.0 = Debug|ARM
		{77FC24F6-A143-4C36-A5FE-BD298CFDD916}.Debug|iPhone.ActiveCfg = Debug|x86
		{77FC24F6-A143-4C36-A5FE-BD298CFDD916}.Debug|iPhoneSimulator.ActiveCfg = Debug|x86
		{77FC24F6-A143-4C36-A5FE-BD298CFDD916}.Debug|x64.ActiveCfg = Debug|x64
		{77FC24F6-A143-4C36-A5FE-BD298CFDD916}.Debug|x64.Build.0 = Debug|x64
		{77FC24F6-A143-4C36-A5FE-BD298CFDD916}.Debug|x64.Deploy.0 = Debug|x64
		{77FC24F6-A143-4C36-A5FE-BD298CFDD916}.Debug|x86.ActiveCfg = Debug|x86
		{77FC24F6-A143-4C36-A5FE-BD298CFDD916}.Debug|x86.Build.0 = Debug|x86
		{77FC24F6-A143-4C36-A5FE-BD298CFDD916}.Debug|x86.Deploy.0 = Debug|x86
		{77FC24F6-A143-4C36-A5FE-BD298CFDD916}.Release|Any CPU.ActiveCfg = Release|x86
		{77FC24F6-A143-4C36-A5FE-BD298CFDD916}.Release|ARM.ActiveCfg = Release|ARM
		{77FC24F6-A143-4C36-A5FE-BD298CFDD916}.Release|ARM.Build.0 = Release|ARM
		{77FC24F6-A143-4C36-A5FE-BD298CFDD916}.Release|ARM.Deploy.0 = Release|ARM
		{77FC24F6-A143-4C36-A5FE-BD298CFDD916}.Release|iPhone.ActiveCfg = Release|x86
		{77FC24F6-A143-4C36-A5FE-BD298CFDD916}.Release|iPhoneSimulator.ActiveCfg = Release|x86
		{77FC24F6-A143-4C36-A5FE-BD298CFDD916}.Release|x64.ActiveCfg = Release|x64
		{77FC24F6-A143-4C36-A5FE-BD298CFDD916}.Release|x64.Build.0 = Release|x64
		{77FC24F6-A143-4C36-A5FE-BD298CFDD916}.Release|x64.Deploy.0 = Release|x64
		{77FC24F6-A143-4C36-A5FE-BD298CFDD916}.Release|x86.ActiveCfg = Release|x86
		{77FC24F6-A143-4C36-A5FE-BD298CFDD916}.Release|x86.Build.0 = Release|x86
		{77FC24F6-A143-4C36-A5FE-BD298CFDD916}.Release|x86.Deploy.0 = Release|x86
		{718B9A31-2704-4B88-94B4-BC3480F479A5}.Ad-Hoc|Any CPU.ActiveCfg = Release|Any CPU
		{718B9A31-2704-4B88-94B4-BC3480F479A5}.Ad-Hoc|Any CPU.Build.0 = Release|Any CPU
		{718B9A31-2704-4B88-94B4-BC3480F479A5}.Ad-Hoc|Any CPU.Deploy.0 = Release|Any CPU
		{718B9A31-2704-4B88-94B4-BC3480F479A5}.Ad-Hoc|ARM.ActiveCfg = Release|ARM
		{718B9A31-2704-4B88-94B4-BC3480F479A5}.Ad-Hoc|ARM.Build.0 = Release|ARM
		{718B9A31-2704-4B88-94B4-BC3480F479A5}.Ad-Hoc|ARM.Deploy.0 = Release|ARM
		{718B9A31-2704-4B88-94B4-BC3480F479A5}.Ad-Hoc|iPhone.ActiveCfg = Release|Any CPU
		{718B9A31-2704-4B88-94B4-BC3480F479A5}.Ad-Hoc|iPhone.Build.0 = Release|Any CPU
		{718B9A31-2704-4B88-94B4-BC3480F479A5}.Ad-Hoc|iPhone.Deploy.0 = Release|Any CPU
		{718B9A31-2704-4B88-94B4-BC3480F479A5}.Ad-Hoc|iPhoneSimulator.ActiveCfg = Release|Any CPU
		{718B9A31-2704-4B88-94B4-BC3480F479A5}.Ad-Hoc|iPhoneSimulator.Build.0 = Release|Any CPU
		{718B9A31-2704-4B88-94B4-BC3480F479A5}.Ad-Hoc|iPhoneSimulator.Deploy.0 = Release|Any CPU
		{718B9A31-2704-4B88-94B4-BC3480F479A5}.Ad-Hoc|x64.ActiveCfg = Release|x64
		{718B9A31-2704-4B88-94B4-BC3480F479A5}.Ad-Hoc|x64.Build.0 = Release|x64
		{718B9A31-2704-4B88-94B4-BC3480F479A5}.Ad-Hoc|x64.Deploy.0 = Release|x64
		{718B9A31-2704-4B88-94B4-BC3480F479A5}.Ad-Hoc|x86.ActiveCfg = Release|x86
		{718B9A31-2704-4B88-94B4-BC3480F479A5}.Ad-Hoc|x86.Build.0 = Release|x86
		{718B9A31-2704-4B88-94B4-BC3480F479A5}.Ad-Hoc|x86.Deploy.0 = Release|x86
		{718B9A31-2704-4B88-94B4-BC3480F479A5}.AppStore|Any CPU.ActiveCfg = Release|Any CPU
		{718B9A31-2704-4B88-94B4-BC3480F479A5}.AppStore|Any CPU.Build.0 = Release|Any CPU
		{718B9A31-2704-4B88-94B4-BC3480F479A5}.AppStore|Any CPU.Deploy.0 = Release|Any CPU
		{718B9A31-2704-4B88-94B4-BC3480F479A5}.AppStore|ARM.ActiveCfg = Release|ARM
		{718B9A31-2704-4B88-94B4-BC3480F479A5}.AppStore|ARM.Build.0 = Release|ARM
		{718B9A31-2704-4B88-94B4-BC3480F479A5}.AppStore|ARM.Deploy.0 = Release|ARM
		{718B9A31-2704-4B88-94B4-BC3480F479A5}.AppStore|iPhone.ActiveCfg = Release|Any CPU
		{718B9A31-2704-4B88-94B4-BC3480F479A5}.AppStore|iPhone.Build.0 = Release|Any CPU
		{718B9A31-2704-4B88-94B4-BC3480F479A5}.AppStore|iPhone.Deploy.0 = Release|Any CPU
		{718B9A31-2704-4B88-94B4-BC3480F479A5}.AppStore|iPhoneSimulator.ActiveCfg = Release|Any CPU
		{718B9A31-2704-4B88-94B4-BC3480F479A5}.AppStore|iPhoneSimulator.Build.0 = Release|Any CPU
		{718B9A31-2704-4B88-94B4-BC3480F479A5}.AppStore|iPhoneSimulator.Deploy.0 = Release|Any CPU
		{718B9A31-2704-4B88-94B4-BC3480F479A5}.AppStore|x64.ActiveCfg = Release|x64
		{718B9A31-2704-4B88-94B4-BC3480F479A5}.AppStore|x64.Build.0 = Release|x64
		{718B9A31-2704-4B88-94B4-BC3480F479A5}.AppStore|x64.Deploy.0 = Release|x64
		{718B9A31-2704-4B88-94B4-BC3480F479A5}.AppStore|x86.ActiveCfg = Release|x86
		{718B9A31-2704-4B88-94B4-BC3480F479A5}.AppStore|x86.Build.0 = Release|x86
		{718B9A31-2704-4B88-94B4-BC3480F479A5}.AppStore|x86.Deploy.0 = Release|x86
		{718B9A31-2704-4B88-94B4-BC3480F479A5}.Debug|Any CPU.ActiveCfg = Debug|Any CPU
		{718B9A31-2704-4B88-94B4-BC3480F479A5}.Debug|Any CPU.Build.0 = Debug|Any CPU
		{718B9A31-2704-4B88-94B4-BC3480F479A5}.Debug|Any CPU.Deploy.0 = Debug|Any CPU
		{718B9A31-2704-4B88-94B4-BC3480F479A5}.Debug|ARM.ActiveCfg = Debug|ARM
		{718B9A31-2704-4B88-94B4-BC3480F479A5}.Debug|ARM.Build.0 = Debug|ARM
		{718B9A31-2704-4B88-94B4-BC3480F479A5}.Debug|ARM.Deploy.0 = Debug|ARM
		{718B9A31-2704-4B88-94B4-BC3480F479A5}.Debug|iPhone.ActiveCfg = Debug|Any CPU
		{718B9A31-2704-4B88-94B4-BC3480F479A5}.Debug|iPhone.Build.0 = Debug|Any CPU
		{718B9A31-2704-4B88-94B4-BC3480F479A5}.Debug|iPhone.Deploy.0 = Debug|Any CPU
		{718B9A31-2704-4B88-94B4-BC3480F479A5}.Debug|iPhoneSimulator.ActiveCfg = Debug|Any CPU
		{718B9A31-2704-4B88-94B4-BC3480F479A5}.Debug|iPhoneSimulator.Build.0 = Debug|Any CPU
		{718B9A31-2704-4B88-94B4-BC3480F479A5}.Debug|iPhoneSimulator.Deploy.0 = Debug|Any CPU
		{718B9A31-2704-4B88-94B4-BC3480F479A5}.Debug|x64.ActiveCfg = Debug|x64
		{718B9A31-2704-4B88-94B4-BC3480F479A5}.Debug|x64.Build.0 = Debug|x64
		{718B9A31-2704-4B88-94B4-BC3480F479A5}.Debug|x64.Deploy.0 = Debug|x64
		{718B9A31-2704-4B88-94B4-BC3480F479A5}.Debug|x86.ActiveCfg = Debug|x86
		{718B9A31-2704-4B88-94B4-BC3480F479A5}.Debug|x86.Build.0 = Debug|x86
		{718B9A31-2704-4B88-94B4-BC3480F479A5}.Debug|x86.Deploy.0 = Debug|x86
		{718B9A31-2704-4B88-94B4-BC3480F479A5}.Release|Any CPU.ActiveCfg = Release|Any CPU
		{718B9A31-2704-4B88-94B4-BC3480F479A5}.Release|Any CPU.Build.0 = Release|Any CPU
		{718B9A31-2704-4B88-94B4-BC3480F479A5}.Release|Any CPU.Deploy.0 = Release|Any CPU
		{718B9A31-2704-4B88-94B4-BC3480F479A5}.Release|ARM.ActiveCfg = Release|ARM
		{718B9A31-2704-4B88-94B4-BC3480F479A5}.Release|ARM.Build.0 = Release|ARM
		{718B9A31-2704-4B88-94B4-BC3480F479A5}.Release|ARM.Deploy.0 = Release|ARM
		{718B9A31-2704-4B88-94B4-BC3480F479A5}.Release|iPhone.ActiveCfg = Release|Any CPU
		{718B9A31-2704-4B88-94B4-BC3480F479A5}.Release|iPhone.Build.0 = Release|Any CPU
		{718B9A31-2704-4B88-94B4-BC3480F479A5}.Release|iPhone.Deploy.0 = Release|Any CPU
		{718B9A31-2704-4B88-94B4-BC3480F479A5}.Release|iPhoneSimulator.ActiveCfg = Release|Any CPU
		{718B9A31-2704-4B88-94B4-BC3480F479A5}.Release|iPhoneSimulator.Build.0 = Release|Any CPU
		{718B9A31-2704-4B88-94B4-BC3480F479A5}.Release|iPhoneSimulator.Deploy.0 = Release|Any CPU
		{718B9A31-2704-4B88-94B4-BC3480F479A5}.Release|x64.ActiveCfg = Release|x64
		{718B9A31-2704-4B88-94B4-BC3480F479A5}.Release|x64.Build.0 = Release|x64
		{718B9A31-2704-4B88-94B4-BC3480F479A5}.Release|x64.Deploy.0 = Release|x64
		{718B9A31-2704-4B88-94B4-BC3480F479A5}.Release|x86.ActiveCfg = Release|x86
		{718B9A31-2704-4B88-94B4-BC3480F479A5}.Release|x86.Build.0 = Release|x86
		{718B9A31-2704-4B88-94B4-BC3480F479A5}.Release|x86.Deploy.0 = Release|x86
		{F86651A4-48D1-4FC1-AA1C-419EDB4EF629}.Ad-Hoc|Any CPU.ActiveCfg = Release|Any CPU
		{F86651A4-48D1-4FC1-AA1C-419EDB4EF629}.Ad-Hoc|Any CPU.Build.0 = Release|Any CPU
		{F86651A4-48D1-4FC1-AA1C-419EDB4EF629}.Ad-Hoc|ARM.ActiveCfg = Release|Any CPU
		{F86651A4-48D1-4FC1-AA1C-419EDB4EF629}.Ad-Hoc|ARM.Build.0 = Release|Any CPU
		{F86651A4-48D1-4FC1-AA1C-419EDB4EF629}.Ad-Hoc|iPhone.ActiveCfg = Release|Any CPU
		{F86651A4-48D1-4FC1-AA1C-419EDB4EF629}.Ad-Hoc|iPhone.Build.0 = Release|Any CPU
		{F86651A4-48D1-4FC1-AA1C-419EDB4EF629}.Ad-Hoc|iPhoneSimulator.ActiveCfg = Release|Any CPU
		{F86651A4-48D1-4FC1-AA1C-419EDB4EF629}.Ad-Hoc|iPhoneSimulator.Build.0 = Release|Any CPU
		{F86651A4-48D1-4FC1-AA1C-419EDB4EF629}.Ad-Hoc|x64.ActiveCfg = Release|Any CPU
		{F86651A4-48D1-4FC1-AA1C-419EDB4EF629}.Ad-Hoc|x64.Build.0 = Release|Any CPU
		{F86651A4-48D1-4FC1-AA1C-419EDB4EF629}.Ad-Hoc|x86.ActiveCfg = Release|Any CPU
		{F86651A4-48D1-4FC1-AA1C-419EDB4EF629}.Ad-Hoc|x86.Build.0 = Release|Any CPU
		{F86651A4-48D1-4FC1-AA1C-419EDB4EF629}.AppStore|Any CPU.ActiveCfg = Release|Any CPU
		{F86651A4-48D1-4FC1-AA1C-419EDB4EF629}.AppStore|Any CPU.Build.0 = Release|Any CPU
		{F86651A4-48D1-4FC1-AA1C-419EDB4EF629}.AppStore|ARM.ActiveCfg = Release|Any CPU
		{F86651A4-48D1-4FC1-AA1C-419EDB4EF629}.AppStore|ARM.Build.0 = Release|Any CPU
		{F86651A4-48D1-4FC1-AA1C-419EDB4EF629}.AppStore|iPhone.ActiveCfg = Release|Any CPU
		{F86651A4-48D1-4FC1-AA1C-419EDB4EF629}.AppStore|iPhone.Build.0 = Release|Any CPU
		{F86651A4-48D1-4FC1-AA1C-419EDB4EF629}.AppStore|iPhoneSimulator.ActiveCfg = Release|Any CPU
		{F86651A4-48D1-4FC1-AA1C-419EDB4EF629}.AppStore|iPhoneSimulator.Build.0 = Release|Any CPU
		{F86651A4-48D1-4FC1-AA1C-419EDB4EF629}.AppStore|x64.ActiveCfg = Release|Any CPU
		{F86651A4-48D1-4FC1-AA1C-419EDB4EF629}.AppStore|x64.Build.0 = Release|Any CPU
		{F86651A4-48D1-4FC1-AA1C-419EDB4EF629}.AppStore|x86.ActiveCfg = Release|Any CPU
		{F86651A4-48D1-4FC1-AA1C-419EDB4EF629}.AppStore|x86.Build.0 = Release|Any CPU
		{F86651A4-48D1-4FC1-AA1C-419EDB4EF629}.Debug|Any CPU.ActiveCfg = Debug|Any CPU
		{F86651A4-48D1-4FC1-AA1C-419EDB4EF629}.Debug|Any CPU.Build.0 = Debug|Any CPU
		{F86651A4-48D1-4FC1-AA1C-419EDB4EF629}.Debug|ARM.ActiveCfg = Debug|Any CPU
		{F86651A4-48D1-4FC1-AA1C-419EDB4EF629}.Debug|ARM.Build.0 = Debug|Any CPU
		{F86651A4-48D1-4FC1-AA1C-419EDB4EF629}.Debug|iPhone.ActiveCfg = Debug|Any CPU
		{F86651A4-48D1-4FC1-AA1C-419EDB4EF629}.Debug|iPhone.Build.0 = Debug|Any CPU
		{F86651A4-48D1-4FC1-AA1C-419EDB4EF629}.Debug|iPhoneSimulator.ActiveCfg = Debug|Any CPU
		{F86651A4-48D1-4FC1-AA1C-419EDB4EF629}.Debug|iPhoneSimulator.Build.0 = Debug|Any CPU
		{F86651A4-48D1-4FC1-AA1C-419EDB4EF629}.Debug|x64.ActiveCfg = Debug|Any CPU
		{F86651A4-48D1-4FC1-AA1C-419EDB4EF629}.Debug|x64.Build.0 = Debug|Any CPU
		{F86651A4-48D1-4FC1-AA1C-419EDB4EF629}.Debug|x86.ActiveCfg = Debug|Any CPU
		{F86651A4-48D1-4FC1-AA1C-419EDB4EF629}.Debug|x86.Build.0 = Debug|Any CPU
		{F86651A4-48D1-4FC1-AA1C-419EDB4EF629}.Release|Any CPU.ActiveCfg = Release|Any CPU
		{F86651A4-48D1-4FC1-AA1C-419EDB4EF629}.Release|Any CPU.Build.0 = Release|Any CPU
		{F86651A4-48D1-4FC1-AA1C-419EDB4EF629}.Release|ARM.ActiveCfg = Release|Any CPU
		{F86651A4-48D1-4FC1-AA1C-419EDB4EF629}.Release|ARM.Build.0 = Release|Any CPU
		{F86651A4-48D1-4FC1-AA1C-419EDB4EF629}.Release|iPhone.ActiveCfg = Release|Any CPU
		{F86651A4-48D1-4FC1-AA1C-419EDB4EF629}.Release|iPhone.Build.0 = Release|Any CPU
		{F86651A4-48D1-4FC1-AA1C-419EDB4EF629}.Release|iPhoneSimulator.ActiveCfg = Release|Any CPU
		{F86651A4-48D1-4FC1-AA1C-419EDB4EF629}.Release|iPhoneSimulator.Build.0 = Release|Any CPU
		{F86651A4-48D1-4FC1-AA1C-419EDB4EF629}.Release|x64.ActiveCfg = Release|Any CPU
		{F86651A4-48D1-4FC1-AA1C-419EDB4EF629}.Release|x64.Build.0 = Release|Any CPU
		{F86651A4-48D1-4FC1-AA1C-419EDB4EF629}.Release|x86.ActiveCfg = Release|Any CPU
		{F86651A4-48D1-4FC1-AA1C-419EDB4EF629}.Release|x86.Build.0 = Release|Any CPU
		{B7126EA8-76B6-482E-B9B2-ABB89D532D2F}.Ad-Hoc|Any CPU.ActiveCfg = Release|Any CPU
		{B7126EA8-76B6-482E-B9B2-ABB89D532D2F}.Ad-Hoc|Any CPU.Build.0 = Release|Any CPU
		{B7126EA8-76B6-482E-B9B2-ABB89D532D2F}.Ad-Hoc|ARM.ActiveCfg = Release|Any CPU
		{B7126EA8-76B6-482E-B9B2-ABB89D532D2F}.Ad-Hoc|ARM.Build.0 = Release|Any CPU
		{B7126EA8-76B6-482E-B9B2-ABB89D532D2F}.Ad-Hoc|iPhone.ActiveCfg = Release|Any CPU
		{B7126EA8-76B6-482E-B9B2-ABB89D532D2F}.Ad-Hoc|iPhone.Build.0 = Release|Any CPU
		{B7126EA8-76B6-482E-B9B2-ABB89D532D2F}.Ad-Hoc|iPhoneSimulator.ActiveCfg = Release|Any CPU
		{B7126EA8-76B6-482E-B9B2-ABB89D532D2F}.Ad-Hoc|iPhoneSimulator.Build.0 = Release|Any CPU
		{B7126EA8-76B6-482E-B9B2-ABB89D532D2F}.Ad-Hoc|x64.ActiveCfg = Release|Any CPU
		{B7126EA8-76B6-482E-B9B2-ABB89D532D2F}.Ad-Hoc|x64.Build.0 = Release|Any CPU
		{B7126EA8-76B6-482E-B9B2-ABB89D532D2F}.Ad-Hoc|x86.ActiveCfg = Release|Any CPU
		{B7126EA8-76B6-482E-B9B2-ABB89D532D2F}.Ad-Hoc|x86.Build.0 = Release|Any CPU
		{B7126EA8-76B6-482E-B9B2-ABB89D532D2F}.AppStore|Any CPU.ActiveCfg = Release|Any CPU
		{B7126EA8-76B6-482E-B9B2-ABB89D532D2F}.AppStore|Any CPU.Build.0 = Release|Any CPU
		{B7126EA8-76B6-482E-B9B2-ABB89D532D2F}.AppStore|ARM.ActiveCfg = Release|Any CPU
		{B7126EA8-76B6-482E-B9B2-ABB89D532D2F}.AppStore|ARM.Build.0 = Release|Any CPU
		{B7126EA8-76B6-482E-B9B2-ABB89D532D2F}.AppStore|iPhone.ActiveCfg = Release|Any CPU
		{B7126EA8-76B6-482E-B9B2-ABB89D532D2F}.AppStore|iPhone.Build.0 = Release|Any CPU
		{B7126EA8-76B6-482E-B9B2-ABB89D532D2F}.AppStore|iPhoneSimulator.ActiveCfg = Release|Any CPU
		{B7126EA8-76B6-482E-B9B2-ABB89D532D2F}.AppStore|iPhoneSimulator.Build.0 = Release|Any CPU
		{B7126EA8-76B6-482E-B9B2-ABB89D532D2F}.AppStore|x64.ActiveCfg = Release|Any CPU
		{B7126EA8-76B6-482E-B9B2-ABB89D532D2F}.AppStore|x64.Build.0 = Release|Any CPU
		{B7126EA8-76B6-482E-B9B2-ABB89D532D2F}.AppStore|x86.ActiveCfg = Release|Any CPU
		{B7126EA8-76B6-482E-B9B2-ABB89D532D2F}.AppStore|x86.Build.0 = Release|Any CPU
		{B7126EA8-76B6-482E-B9B2-ABB89D532D2F}.Debug|Any CPU.ActiveCfg = Debug|Any CPU
		{B7126EA8-76B6-482E-B9B2-ABB89D532D2F}.Debug|Any CPU.Build.0 = Debug|Any CPU
		{B7126EA8-76B6-482E-B9B2-ABB89D532D2F}.Debug|ARM.ActiveCfg = Debug|Any CPU
		{B7126EA8-76B6-482E-B9B2-ABB89D532D2F}.Debug|ARM.Build.0 = Debug|Any CPU
		{B7126EA8-76B6-482E-B9B2-ABB89D532D2F}.Debug|iPhone.ActiveCfg = Debug|Any CPU
		{B7126EA8-76B6-482E-B9B2-ABB89D532D2F}.Debug|iPhone.Build.0 = Debug|Any CPU
		{B7126EA8-76B6-482E-B9B2-ABB89D532D2F}.Debug|iPhoneSimulator.ActiveCfg = Debug|Any CPU
		{B7126EA8-76B6-482E-B9B2-ABB89D532D2F}.Debug|iPhoneSimulator.Build.0 = Debug|Any CPU
		{B7126EA8-76B6-482E-B9B2-ABB89D532D2F}.Debug|x64.ActiveCfg = Debug|Any CPU
		{B7126EA8-76B6-482E-B9B2-ABB89D532D2F}.Debug|x64.Build.0 = Debug|Any CPU
		{B7126EA8-76B6-482E-B9B2-ABB89D532D2F}.Debug|x86.ActiveCfg = Debug|Any CPU
		{B7126EA8-76B6-482E-B9B2-ABB89D532D2F}.Debug|x86.Build.0 = Debug|Any CPU
		{B7126EA8-76B6-482E-B9B2-ABB89D532D2F}.Release|Any CPU.ActiveCfg = Release|Any CPU
		{B7126EA8-76B6-482E-B9B2-ABB89D532D2F}.Release|Any CPU.Build.0 = Release|Any CPU
		{B7126EA8-76B6-482E-B9B2-ABB89D532D2F}.Release|ARM.ActiveCfg = Release|Any CPU
		{B7126EA8-76B6-482E-B9B2-ABB89D532D2F}.Release|ARM.Build.0 = Release|Any CPU
		{B7126EA8-76B6-482E-B9B2-ABB89D532D2F}.Release|iPhone.ActiveCfg = Release|Any CPU
		{B7126EA8-76B6-482E-B9B2-ABB89D532D2F}.Release|iPhone.Build.0 = Release|Any CPU
		{B7126EA8-76B6-482E-B9B2-ABB89D532D2F}.Release|iPhoneSimulator.ActiveCfg = Release|Any CPU
		{B7126EA8-76B6-482E-B9B2-ABB89D532D2F}.Release|iPhoneSimulator.Build.0 = Release|Any CPU
		{B7126EA8-76B6-482E-B9B2-ABB89D532D2F}.Release|x64.ActiveCfg = Release|Any CPU
		{B7126EA8-76B6-482E-B9B2-ABB89D532D2F}.Release|x64.Build.0 = Release|Any CPU
		{B7126EA8-76B6-482E-B9B2-ABB89D532D2F}.Release|x86.ActiveCfg = Release|Any CPU
		{B7126EA8-76B6-482E-B9B2-ABB89D532D2F}.Release|x86.Build.0 = Release|Any CPU
		{67F9D3A8-F71E-4428-913F-C37AE82CDB24}.Ad-Hoc|Any CPU.ActiveCfg = Release|Any CPU
		{67F9D3A8-F71E-4428-913F-C37AE82CDB24}.Ad-Hoc|Any CPU.Build.0 = Release|Any CPU
		{67F9D3A8-F71E-4428-913F-C37AE82CDB24}.Ad-Hoc|ARM.ActiveCfg = Release|Any CPU
		{67F9D3A8-F71E-4428-913F-C37AE82CDB24}.Ad-Hoc|ARM.Build.0 = Release|Any CPU
		{67F9D3A8-F71E-4428-913F-C37AE82CDB24}.Ad-Hoc|iPhone.ActiveCfg = Release|Any CPU
		{67F9D3A8-F71E-4428-913F-C37AE82CDB24}.Ad-Hoc|iPhone.Build.0 = Release|Any CPU
		{67F9D3A8-F71E-4428-913F-C37AE82CDB24}.Ad-Hoc|iPhoneSimulator.ActiveCfg = Release|Any CPU
		{67F9D3A8-F71E-4428-913F-C37AE82CDB24}.Ad-Hoc|iPhoneSimulator.Build.0 = Release|Any CPU
		{67F9D3A8-F71E-4428-913F-C37AE82CDB24}.Ad-Hoc|x64.ActiveCfg = Release|Any CPU
		{67F9D3A8-F71E-4428-913F-C37AE82CDB24}.Ad-Hoc|x64.Build.0 = Release|Any CPU
		{67F9D3A8-F71E-4428-913F-C37AE82CDB24}.Ad-Hoc|x86.ActiveCfg = Release|Any CPU
		{67F9D3A8-F71E-4428-913F-C37AE82CDB24}.Ad-Hoc|x86.Build.0 = Release|Any CPU
		{67F9D3A8-F71E-4428-913F-C37AE82CDB24}.AppStore|Any CPU.ActiveCfg = Release|Any CPU
		{67F9D3A8-F71E-4428-913F-C37AE82CDB24}.AppStore|Any CPU.Build.0 = Release|Any CPU
		{67F9D3A8-F71E-4428-913F-C37AE82CDB24}.AppStore|ARM.ActiveCfg = Release|Any CPU
		{67F9D3A8-F71E-4428-913F-C37AE82CDB24}.AppStore|ARM.Build.0 = Release|Any CPU
		{67F9D3A8-F71E-4428-913F-C37AE82CDB24}.AppStore|iPhone.ActiveCfg = Release|Any CPU
		{67F9D3A8-F71E-4428-913F-C37AE82CDB24}.AppStore|iPhone.Build.0 = Release|Any CPU
		{67F9D3A8-F71E-4428-913F-C37AE82CDB24}.AppStore|iPhoneSimulator.ActiveCfg = Release|Any CPU
		{67F9D3A8-F71E-4428-913F-C37AE82CDB24}.AppStore|iPhoneSimulator.Build.0 = Release|Any CPU
		{67F9D3A8-F71E-4428-913F-C37AE82CDB24}.AppStore|x64.ActiveCfg = Release|Any CPU
		{67F9D3A8-F71E-4428-913F-C37AE82CDB24}.AppStore|x64.Build.0 = Release|Any CPU
		{67F9D3A8-F71E-4428-913F-C37AE82CDB24}.AppStore|x86.ActiveCfg = Release|Any CPU
		{67F9D3A8-F71E-4428-913F-C37AE82CDB24}.AppStore|x86.Build.0 = Release|Any CPU
		{67F9D3A8-F71E-4428-913F-C37AE82CDB24}.Debug|Any CPU.ActiveCfg = Debug|Any CPU
		{67F9D3A8-F71E-4428-913F-C37AE82CDB24}.Debug|Any CPU.Build.0 = Debug|Any CPU
		{67F9D3A8-F71E-4428-913F-C37AE82CDB24}.Debug|ARM.ActiveCfg = Debug|Any CPU
		{67F9D3A8-F71E-4428-913F-C37AE82CDB24}.Debug|ARM.Build.0 = Debug|Any CPU
		{67F9D3A8-F71E-4428-913F-C37AE82CDB24}.Debug|iPhone.ActiveCfg = Debug|Any CPU
		{67F9D3A8-F71E-4428-913F-C37AE82CDB24}.Debug|iPhone.Build.0 = Debug|Any CPU
		{67F9D3A8-F71E-4428-913F-C37AE82CDB24}.Debug|iPhoneSimulator.ActiveCfg = Debug|Any CPU
		{67F9D3A8-F71E-4428-913F-C37AE82CDB24}.Debug|iPhoneSimulator.Build.0 = Debug|Any CPU
		{67F9D3A8-F71E-4428-913F-C37AE82CDB24}.Debug|x64.ActiveCfg = Debug|Any CPU
		{67F9D3A8-F71E-4428-913F-C37AE82CDB24}.Debug|x64.Build.0 = Debug|Any CPU
		{67F9D3A8-F71E-4428-913F-C37AE82CDB24}.Debug|x86.ActiveCfg = Debug|Any CPU
		{67F9D3A8-F71E-4428-913F-C37AE82CDB24}.Debug|x86.Build.0 = Debug|Any CPU
		{67F9D3A8-F71E-4428-913F-C37AE82CDB24}.Release|Any CPU.ActiveCfg = Release|Any CPU
		{67F9D3A8-F71E-4428-913F-C37AE82CDB24}.Release|Any CPU.Build.0 = Release|Any CPU
		{67F9D3A8-F71E-4428-913F-C37AE82CDB24}.Release|ARM.ActiveCfg = Release|Any CPU
		{67F9D3A8-F71E-4428-913F-C37AE82CDB24}.Release|ARM.Build.0 = Release|Any CPU
		{67F9D3A8-F71E-4428-913F-C37AE82CDB24}.Release|iPhone.ActiveCfg = Release|Any CPU
		{67F9D3A8-F71E-4428-913F-C37AE82CDB24}.Release|iPhone.Build.0 = Release|Any CPU
		{67F9D3A8-F71E-4428-913F-C37AE82CDB24}.Release|iPhoneSimulator.ActiveCfg = Release|Any CPU
		{67F9D3A8-F71E-4428-913F-C37AE82CDB24}.Release|iPhoneSimulator.Build.0 = Release|Any CPU
		{67F9D3A8-F71E-4428-913F-C37AE82CDB24}.Release|x64.ActiveCfg = Release|Any CPU
		{67F9D3A8-F71E-4428-913F-C37AE82CDB24}.Release|x64.Build.0 = Release|Any CPU
		{67F9D3A8-F71E-4428-913F-C37AE82CDB24}.Release|x86.ActiveCfg = Release|Any CPU
		{67F9D3A8-F71E-4428-913F-C37AE82CDB24}.Release|x86.Build.0 = Release|Any CPU
	EndGlobalSection
	GlobalSection(SolutionProperties) = preSolution
		HideSolutionNode = FALSE
	EndGlobalSection
EndGlobal
